{
  "name": "client",
  "version": "1.0.0",
  "lockfileVersion": 2,
  "requires": true,
  "packages": {
    "": {
      "version": "1.0.0",
      "license": "GPL-3.0",
      "devDependencies": {
        "@types/node": "^16.9.5",
        "isaacscript-tsconfig": "^1.1.4",
        "typescript": "^4.4.3"
      }
    },
    "node_modules/@tsconfig/node16": {
      "version": "1.0.2",
      "resolved": "https://registry.npmjs.org/@tsconfig/node16/-/node16-1.0.2.tgz",
      "integrity": "sha512-eZxlbI8GZscaGS7kkc/trHTT5xgrjH3/1n2JDwusC9iahPKWMRvRjJSAN5mCXviuTGQ/lHnhvv8Q1YTpnfz9gA==",
      "dev": true
    },
    "node_modules/@types/node": {
      "version": "16.9.5",
      "resolved": "https://registry.npmjs.org/@types/node/-/node-16.9.5.tgz",
      "integrity": "sha512-5xkJln5CDkmQTi13oWS+EUruKbfHJD5CQnyxe8L3Gt3sLsPFl+rjiOVU7O59QF1RUyw3rdkm9yDTNQcOR+ob9A==",
      "dev": true
    },
    "node_modules/isaacscript-tsconfig": {
      "version": "1.1.4",
      "resolved": "https://registry.npmjs.org/isaacscript-tsconfig/-/isaacscript-tsconfig-1.1.4.tgz",
      "integrity": "sha512-U7PxqL7sg2Tfx0uTfKH+teISkIGrVoMRbO2a9zmta6i++8ulm9zuM4SknnXkhXfgJ8fozGt70fsUkGIPEOsJlw==",
      "dev": true,
      "dependencies": {
        "@tsconfig/node16": "^1.0.1"
      }
    },
    "node_modules/typescript": {
      "version": "4.4.3",
      "resolved": "https://registry.npmjs.org/typescript/-/typescript-4.4.3.tgz",
      "integrity": "sha512-4xfscpisVgqqDfPaJo5vkd+Qd/ItkoagnHpufr+i2QCHBsNYp+G7UAoyFl8aPtx879u38wPV65rZ8qbGZijalA==",
      "dev": true,
      "bin": {
        "tsc": "bin/tsc",
        "tsserver": "bin/tsserver"
      },
      "engines": {
        "node": ">=4.2.0"
      }
    }
  },
  "dependencies": {
    "@tsconfig/node16": {
      "version": "1.0.2",
      "resolved": "https://registry.npmjs.org/@tsconfig/node16/-/node16-1.0.2.tgz",
      "integrity": "sha512-eZxlbI8GZscaGS7kkc/trHTT5xgrjH3/1n2JDwusC9iahPKWMRvRjJSAN5mCXviuTGQ/lHnhvv8Q1YTpnfz9gA==",
      "dev": true
    },
    "@types/node": {
      "version": "16.9.5",
      "resolved": "https://registry.npmjs.org/@types/node/-/node-16.9.5.tgz",
      "integrity": "sha512-5xkJln5CDkmQTi13oWS+EUruKbfHJD5CQnyxe8L3Gt3sLsPFl+rjiOVU7O59QF1RUyw3rdkm9yDTNQcOR+ob9A==",
      "dev": true
    },
    "isaacscript-tsconfig": {
      "version": "1.1.4",
      "resolved": "https://registry.npmjs.org/isaacscript-tsconfig/-/isaacscript-tsconfig-1.1.4.tgz",
      "integrity": "sha512-U7PxqL7sg2Tfx0uTfKH+teISkIGrVoMRbO2a9zmta6i++8ulm9zuM4SknnXkhXfgJ8fozGt70fsUkGIPEOsJlw==",
      "dev": true,
      "requires": {
        "@tsconfig/node16": "^1.0.1"
      }
    },
    "typescript": {
      "version": "4.4.3",
      "resolved": "https://registry.npmjs.org/typescript/-/typescript-4.4.3.tgz",
      "integrity": "sha512-4xfscpisVgqqDfPaJo5vkd+Qd/ItkoagnHpufr+i2QCHBsNYp+G7UAoyFl8aPtx879u38wPV65rZ8qbGZijalA==",
      "dev": true
    }
  }
}
